
Microsoft Visual Studio Solution File, Format Version 12.00
# Visual Studio 2012
Project("{f2a71f9b-5d33-465a-a702-920d77279786}") = "FWatch1", "FWatch1\FWatch1.fsproj", "{018295B3-1C6A-4AB4-99AA-6298E2C5CD46}"
EndProject
Project("{f2a71f9b-5d33-465a-a702-920d77279786}") = "WatchX", "WatchX\WatchX.fsproj", "{B2777324-A973-40D4-AB63-9E3D2A9C8254}"
EndProject
Project("{FAE04EC0-301F-11D3-BF4B-00C04F79EFBC}") = "WatchAppCS", "WatchAppCS\WatchAppCS.csproj", "{476360D8-05DD-49E2-90A1-8A3011DF75DE}"
EndProject
Global
	GlobalSection(SolutionConfigurationPlatforms) = preSolution
		Debug|iPhoneSimulator = Debug|iPhoneSimulator
		Release|iPhoneSimulator = Release|iPhoneSimulator
		Debug|iPhone = Debug|iPhone
		Release|iPhone = Release|iPhone
		Ad-Hoc|iPhone = Ad-Hoc|iPhone
		AppStore|iPhone = AppStore|iPhone
	EndGlobalSection
	GlobalSection(ProjectConfigurationPlatforms) = postSolution
		{018295B3-1C6A-4AB4-99AA-6298E2C5CD46}.Ad-Hoc|iPhone.ActiveCfg = Ad-Hoc|iPhone
		{018295B3-1C6A-4AB4-99AA-6298E2C5CD46}.Ad-Hoc|iPhone.Build.0 = Ad-Hoc|iPhone
		{018295B3-1C6A-4AB4-99AA-6298E2C5CD46}.AppStore|iPhone.ActiveCfg = AppStore|iPhone
		{018295B3-1C6A-4AB4-99AA-6298E2C5CD46}.AppStore|iPhone.Build.0 = AppStore|iPhone
		{018295B3-1C6A-4AB4-99AA-6298E2C5CD46}.Debug|iPhone.ActiveCfg = Debug|iPhone
		{018295B3-1C6A-4AB4-99AA-6298E2C5CD46}.Debug|iPhone.Build.0 = Debug|iPhone
		{018295B3-1C6A-4AB4-99AA-6298E2C5CD46}.Debug|iPhoneSimulator.ActiveCfg = Debug|iPhoneSimulator
		{018295B3-1C6A-4AB4-99AA-6298E2C5CD46}.Debug|iPhoneSimulator.Build.0 = Debug|iPhoneSimulator
		{018295B3-1C6A-4AB4-99AA-6298E2C5CD46}.Release|iPhone.ActiveCfg = Release|iPhone
		{018295B3-1C6A-4AB4-99AA-6298E2C5CD46}.Release|iPhone.Build.0 = Release|iPhone
		{018295B3-1C6A-4AB4-99AA-6298E2C5CD46}.Release|iPhoneSimulator.ActiveCfg = Release|iPhoneSimulator
		{018295B3-1C6A-4AB4-99AA-6298E2C5CD46}.Release|iPhoneSimulator.Build.0 = Release|iPhoneSimulator
		{476360D8-05DD-49E2-90A1-8A3011DF75DE}.Ad-Hoc|iPhone.ActiveCfg = Ad-Hoc|iPhone
		{476360D8-05DD-49E2-90A1-8A3011DF75DE}.Ad-Hoc|iPhone.Build.0 = Ad-Hoc|iPhone
		{476360D8-05DD-49E2-90A1-8A3011DF75DE}.AppStore|iPhone.ActiveCfg = AppStore|iPhone
		{476360D8-05DD-49E2-90A1-8A3011DF75DE}.AppStore|iPhone.Build.0 = AppStore|iPhone
		{476360D8-05DD-49E2-90A1-8A3011DF75DE}.Debug|iPhone.ActiveCfg = Debug|iPhone
		{476360D8-05DD-49E2-90A1-8A3011DF75DE}.Debug|iPhone.Build.0 = Debug|iPhone
		{476360D8-05DD-49E2-90A1-8A3011DF75DE}.Debug|iPhoneSimulator.ActiveCfg = Debug|iPhoneSimulator
		{476360D8-05DD-49E2-90A1-8A3011DF75DE}.Debug|iPhoneSimulator.Build.0 = Debug|iPhoneSimulator
		{476360D8-05DD-49E2-90A1-8A3011DF75DE}.Release|iPhone.ActiveCfg = Release|iPhone
		{476360D8-05DD-49E2-90A1-8A3011DF75DE}.Release|iPhone.Build.0 = Release|iPhone
		{476360D8-05DD-49E2-90A1-8A3011DF75DE}.Release|iPhoneSimulator.ActiveCfg = Release|iPhoneSimulator
		{476360D8-05DD-49E2-90A1-8A3011DF75DE}.Release|iPhoneSimulator.Build.0 = Release|iPhoneSimulator
		{B2777324-A973-40D4-AB63-9E3D2A9C8254}.Ad-Hoc|iPhone.ActiveCfg = Ad-Hoc|iPhone
		{B2777324-A973-40D4-AB63-9E3D2A9C8254}.Ad-Hoc|iPhone.Build.0 = Ad-Hoc|iPhone
		{B2777324-A973-40D4-AB63-9E3D2A9C8254}.AppStore|iPhone.ActiveCfg = AppStore|iPhone
		{B2777324-A973-40D4-AB63-9E3D2A9C8254}.AppStore|iPhone.Build.0 = AppStore|iPhone
		{B2777324-A973-40D4-AB63-9E3D2A9C8254}.Debug|iPhone.ActiveCfg = Debug|iPhone
		{B2777324-A973-40D4-AB63-9E3D2A9C8254}.Debug|iPhone.Build.0 = Debug|iPhone
		{B2777324-A973-40D4-AB63-9E3D2A9C8254}.Debug|iPhoneSimulator.ActiveCfg = Debug|iPhoneSimulator
		{B2777324-A973-40D4-AB63-9E3D2A9C8254}.Debug|iPhoneSimulator.Build.0 = Debug|iPhoneSimulator
		{B2777324-A973-40D4-AB63-9E3D2A9C8254}.Release|iPhone.ActiveCfg = Release|iPhone
		{B2777324-A973-40D4-AB63-9E3D2A9C8254}.Release|iPhone.Build.0 = Release|iPhone
		{B2777324-A973-40D4-AB63-9E3D2A9C8254}.Release|iPhoneSimulator.ActiveCfg = Release|iPhoneSimulator
		{B2777324-A973-40D4-AB63-9E3D2A9C8254}.Release|iPhoneSimulator.Build.0 = Release|iPhoneSimulator
	EndGlobalSection
EndGlobal
